
Microsoft Visual Studio Solution File, Format Version 12.00
# Visual Studio Version 17
VisualStudioVersion = 17.9.34728.123
MinimumVisualStudioVersion = 10.0.40219.1
Project("{2150E333-8FDC-42A3-9474-1A3956D46DE8}") = "src", "src", "{0214B63C-3A11-46AF-805F-6AE3E2668245}"
EndProject
Project("{2150E333-8FDC-42A3-9474-1A3956D46DE8}") = "tests", "tests", "{30F87F60-736D-4DF3-AB52-16509946F367}"
EndProject
Project("{FAE04EC0-301F-11D3-BF4B-00C04F79EFBC}") = "PWMS.Api", "src\PWMS.Api\PWMS.Api.csproj", "{F7F79275-AB1E-423C-8DCB-053016B66799}"
EndProject
Global
	GlobalSection(SolutionConfigurationPlatforms) = preSolution
		Debug|Any CPU = Debug|Any CPU
		Release|Any CPU = Release|Any CPU
	EndGlobalSection
	GlobalSection(ProjectConfigurationPlatforms) = postSolution
		{F7F79275-AB1E-423C-8DCB-053016B66799}.Debug|Any CPU.ActiveCfg = Debug|Any CPU
		{F7F79275-AB1E-423C-8DCB-053016B66799}.Debug|Any CPU.Build.0 = Debug|Any CPU
		{F7F79275-AB1E-423C-8DCB-053016B66799}.Release|Any CPU.ActiveCfg = Release|Any CPU
		{F7F79275-AB1E-423C-8DCB-053016B66799}.Release|Any CPU.Build.0 = Release|Any CPU
	EndGlobalSection
	GlobalSection(SolutionProperties) = preSolution
		HideSolutionNode = FALSE
	EndGlobalSection
	GlobalSection(NestedProjects) = preSolution
		{F7F79275-AB1E-423C-8DCB-053016B66799} = {0214B63C-3A11-46AF-805F-6AE3E2668245}
	EndGlobalSection
	GlobalSection(ExtensibilityGlobals) = postSolution
		SolutionGuid = {C294E2AF-3936-4919-9B15-80A0C7CA7B20}
	EndGlobalSection
EndGlobal
