
Microsoft Visual Studio Solution File, Format Version 12.00
# Visual Studio Version 17
VisualStudioVersion = 17.9.34728.123
MinimumVisualStudioVersion = 10.0.40219.1
Project("{2150E333-8FDC-42A3-9474-1A3956D46DE8}") = "src", "src", "{0214B63C-3A11-46AF-805F-6AE3E2668245}"
EndProject
Project("{2150E333-8FDC-42A3-9474-1A3956D46DE8}") = "tests", "tests", "{30F87F60-736D-4DF3-AB52-16509946F367}"
EndProject
Project("{9A19103F-16F7-4668-BE54-9A1E7A4F7556}") = "PWMS.Api", "src\PWMS.Api\PWMS.Api.csproj", "{F7F79275-AB1E-423C-8DCB-053016B66799}"
EndProject
Project("{9A19103F-16F7-4668-BE54-9A1E7A4F7556}") = "PWMS.Application", "src\PWMS.Application\PWMS.Application.csproj", "{7DB5E0B2-D51D-4B6E-A324-4F9024803DFD}"
EndProject
Project("{9A19103F-16F7-4668-BE54-9A1E7A4F7556}") = "PWMS.Domain", "src\PWMS.Domain\PWMS.Domain.csproj", "{E6D9A2AF-5B28-4257-B551-A287D0447C0B}"
EndProject
Project("{9A19103F-16F7-4668-BE54-9A1E7A4F7556}") = "PWMS.Infrastructure", "src\PWMS.Infrastructure\PWMS.Infrastructure.csproj", "{E8D16441-1DCB-45E5-9BA1-EDAC09A911A3}"
EndProject
Project("{2150E333-8FDC-42A3-9474-1A3956D46DE8}") = "Solution Items", "Solution Items", "{BE522089-CBE0-4A1B-AA49-75D007DB623B}"
	ProjectSection(SolutionItems) = preProject
		.editorconfig = .editorconfig
	EndProjectSection
EndProject
Project("{9A19103F-16F7-4668-BE54-9A1E7A4F7556}") = "PWMS.Domain.Tests", "tests\PWMS.Domain.Tests\PWMS.Domain.Tests.csproj", "{BE4805E6-3C20-4BDF-8BD0-203EA9CFA4C1}"
EndProject
Global
	GlobalSection(SolutionConfigurationPlatforms) = preSolution
		Debug|Any CPU = Debug|Any CPU
		Release|Any CPU = Release|Any CPU
	EndGlobalSection
	GlobalSection(ProjectConfigurationPlatforms) = postSolution
		{F7F79275-AB1E-423C-8DCB-053016B66799}.Debug|Any CPU.ActiveCfg = Debug|Any CPU
		{F7F79275-AB1E-423C-8DCB-053016B66799}.Debug|Any CPU.Build.0 = Debug|Any CPU
		{F7F79275-AB1E-423C-8DCB-053016B66799}.Release|Any CPU.ActiveCfg = Release|Any CPU
		{F7F79275-AB1E-423C-8DCB-053016B66799}.Release|Any CPU.Build.0 = Release|Any CPU
		{7DB5E0B2-D51D-4B6E-A324-4F9024803DFD}.Debug|Any CPU.ActiveCfg = Debug|Any CPU
		{7DB5E0B2-D51D-4B6E-A324-4F9024803DFD}.Debug|Any CPU.Build.0 = Debug|Any CPU
		{7DB5E0B2-D51D-4B6E-A324-4F9024803DFD}.Release|Any CPU.ActiveCfg = Release|Any CPU
		{7DB5E0B2-D51D-4B6E-A324-4F9024803DFD}.Release|Any CPU.Build.0 = Release|Any CPU
		{E6D9A2AF-5B28-4257-B551-A287D0447C0B}.Debug|Any CPU.ActiveCfg = Debug|Any CPU
		{E6D9A2AF-5B28-4257-B551-A287D0447C0B}.Debug|Any CPU.Build.0 = Debug|Any CPU
		{E6D9A2AF-5B28-4257-B551-A287D0447C0B}.Release|Any CPU.ActiveCfg = Release|Any CPU
		{E6D9A2AF-5B28-4257-B551-A287D0447C0B}.Release|Any CPU.Build.0 = Release|Any CPU
		{E8D16441-1DCB-45E5-9BA1-EDAC09A911A3}.Debug|Any CPU.ActiveCfg = Debug|Any CPU
		{E8D16441-1DCB-45E5-9BA1-EDAC09A911A3}.Debug|Any CPU.Build.0 = Debug|Any CPU
		{E8D16441-1DCB-45E5-9BA1-EDAC09A911A3}.Release|Any CPU.ActiveCfg = Release|Any CPU
		{E8D16441-1DCB-45E5-9BA1-EDAC09A911A3}.Release|Any CPU.Build.0 = Release|Any CPU
		{BE4805E6-3C20-4BDF-8BD0-203EA9CFA4C1}.Debug|Any CPU.ActiveCfg = Debug|Any CPU
		{BE4805E6-3C20-4BDF-8BD0-203EA9CFA4C1}.Debug|Any CPU.Build.0 = Debug|Any CPU
		{BE4805E6-3C20-4BDF-8BD0-203EA9CFA4C1}.Release|Any CPU.ActiveCfg = Release|Any CPU
		{BE4805E6-3C20-4BDF-8BD0-203EA9CFA4C1}.Release|Any CPU.Build.0 = Release|Any CPU
	EndGlobalSection
	GlobalSection(SolutionProperties) = preSolution
		HideSolutionNode = FALSE
	EndGlobalSection
	GlobalSection(NestedProjects) = preSolution
		{F7F79275-AB1E-423C-8DCB-053016B66799} = {0214B63C-3A11-46AF-805F-6AE3E2668245}
		{7DB5E0B2-D51D-4B6E-A324-4F9024803DFD} = {0214B63C-3A11-46AF-805F-6AE3E2668245}
		{E6D9A2AF-5B28-4257-B551-A287D0447C0B} = {0214B63C-3A11-46AF-805F-6AE3E2668245}
		{E8D16441-1DCB-45E5-9BA1-EDAC09A911A3} = {0214B63C-3A11-46AF-805F-6AE3E2668245}
		{BE4805E6-3C20-4BDF-8BD0-203EA9CFA4C1} = {30F87F60-736D-4DF3-AB52-16509946F367}
	EndGlobalSection
	GlobalSection(ExtensibilityGlobals) = postSolution
		SolutionGuid = {C294E2AF-3936-4919-9B15-80A0C7CA7B20}
	EndGlobalSection
EndGlobal
