
Microsoft Visual Studio Solution File, Format Version 12.00
# Visual Studio Version 17
VisualStudioVersion = 17.9.34728.123
MinimumVisualStudioVersion = 10.0.40219.1
Project("{2150E333-8FDC-42A3-9474-1A3956D46DE8}") = "src", "src", "{0214B63C-3A11-46AF-805F-6AE3E2668245}"
EndProject
Project("{2150E333-8FDC-42A3-9474-1A3956D46DE8}") = "tests", "tests", "{30F87F60-736D-4DF3-AB52-16509946F367}"
EndProject
Project("{2150E333-8FDC-42A3-9474-1A3956D46DE8}") = "Solution Items", "Solution Items", "{BE522089-CBE0-4A1B-AA49-75D007DB623B}"
	ProjectSection(SolutionItems) = preProject
		.editorconfig = .editorconfig
	EndProjectSection
EndProject
Project("{2150E333-8FDC-42A3-9474-1A3956D46DE8}") = "Application", "Application", "{3719595C-C385-498A-A011-5E8D346723DB}"
EndProject
Project("{2150E333-8FDC-42A3-9474-1A3956D46DE8}") = "Common", "Common", "{59125F2E-13F0-4114-A9C7-67963EA6A32D}"
EndProject
Project("{2150E333-8FDC-42A3-9474-1A3956D46DE8}") = "Domain", "Domain", "{04FBCF76-4375-4948-B038-E81A506FAA2E}"
EndProject
Project("{2150E333-8FDC-42A3-9474-1A3956D46DE8}") = "Infrastructure", "Infrastructure", "{D0BF1C94-471D-43C2-8DD0-BCA74E35AADE}"
EndProject
Project("{2150E333-8FDC-42A3-9474-1A3956D46DE8}") = "Presentation", "Presentation", "{AEC8FD4F-1A18-406E-B693-BAE64AC29574}"
EndProject
Project("{9A19103F-16F7-4668-BE54-9A1E7A4F7556}") = "PWMS.Domain", "src\PWMS.Domain\PWMS.Domain.csproj", "{3D9AAA6D-0B63-4890-9B1E-2FFF5B2AF4D2}"
EndProject
Project("{9A19103F-16F7-4668-BE54-9A1E7A4F7556}") = "PWMS.Common", "src\PWMS.Common\PWMS.Common.csproj", "{297E23BB-FC10-4EEB-96B9-E4B13A11CA6B}"
EndProject
Project("{9A19103F-16F7-4668-BE54-9A1E7A4F7556}") = "PWMS.Events", "src\PWMS.Events\PWMS.Events.csproj", "{6ADDDFAF-4DE9-48A4-A6A0-F536D803013F}"
EndProject
Project("{9A19103F-16F7-4668-BE54-9A1E7A4F7556}") = "PWMS.Infrastructure.Core", "src\PWMS.Infrastructure.Core\PWMS.Infrastructure.Core.csproj", "{E0999C4D-F564-49C7-9197-0AD494BD0A7C}"
EndProject
Project("{9A19103F-16F7-4668-BE54-9A1E7A4F7556}") = "PWMS.Presentation.Starter", "src\PWMS.Presentation.Starter\PWMS.Presentation.Starter.csproj", "{8DCCCCBC-2207-4D13-BE69-7548FFC96D11}"
EndProject
Project("{9A19103F-16F7-4668-BE54-9A1E7A4F7556}") = "PWMS.Presentation.Rest", "src\PWMS.Presentation.Rest\PWMS.Presentation.Rest.csproj", "{6195B720-6639-4568-AD91-BCF00338E1F6}"
EndProject
Project("{9A19103F-16F7-4668-BE54-9A1E7A4F7556}") = "PWMS.Persistence.PortgreSQL", "src\PWMS.Persistence.PortgreSQL\PWMS.Persistence.PortgreSQL.csproj", "{F92A1458-F83B-4E79-BBB0-581F1AD8538E}"
EndProject
Project("{9A19103F-16F7-4668-BE54-9A1E7A4F7556}") = "PWMS.Application", "src\PWMS.Application\PWMS.Application.csproj", "{A9D73515-446F-4446-9FAF-CAB7FD5D17B5}"
EndProject
Project("{9A19103F-16F7-4668-BE54-9A1E7A4F7556}") = "PWMS.Common.Tests", "tests\PWMS.Common.Tests\PWMS.Common.Tests.csproj", "{1ACB6A55-60CA-4AEB-9F8C-BCAB87B9178A}"
EndProject
Project("{9A19103F-16F7-4668-BE54-9A1E7A4F7556}") = "PWMS.Application.Tests", "tests\PWMS.Application.Tests\PWMS.Application.Tests.csproj", "{440BB027-F3EC-4C50-A2C1-3CC348B99339}"
EndProject
Project("{9A19103F-16F7-4668-BE54-9A1E7A4F7556}") = "PWMS.Presentation.Rest.Tests", "tests\PWMS.Presentation.Rest.Tests\PWMS.Presentation.Rest.Tests.csproj", "{0A317FAB-872C-4AA9-9BAC-F3B1A9879A42}"
EndProject
Project("{9A19103F-16F7-4668-BE54-9A1E7A4F7556}") = "PWMS.Domain.Tests", "tests\PWMS.Domain.Tests\PWMS.Domain.Tests.csproj", "{3DF49C63-B79F-4876-8D14-7489EEDE73DE}"
EndProject
Project("{2150E333-8FDC-42A3-9474-1A3956D46DE8}") = "Web", "Web", "{63694B60-F690-4A81-A4B9-D38BCF414D79}"
EndProject
Project("{9A19103F-16F7-4668-BE54-9A1E7A4F7556}") = "PWMS.Web.Blazor", "src\PWMS.Web.Blazor\PWMS.Web.Blazor.csproj", "{C29D14BD-1DDF-43C6-94B7-E85C2A3D0744}"
EndProject
Global
	GlobalSection(SolutionConfigurationPlatforms) = preSolution
		Debug|Any CPU = Debug|Any CPU
		Release|Any CPU = Release|Any CPU
	EndGlobalSection
	GlobalSection(ProjectConfigurationPlatforms) = postSolution
		{3D9AAA6D-0B63-4890-9B1E-2FFF5B2AF4D2}.Debug|Any CPU.ActiveCfg = Debug|Any CPU
		{3D9AAA6D-0B63-4890-9B1E-2FFF5B2AF4D2}.Debug|Any CPU.Build.0 = Debug|Any CPU
		{3D9AAA6D-0B63-4890-9B1E-2FFF5B2AF4D2}.Release|Any CPU.ActiveCfg = Release|Any CPU
		{3D9AAA6D-0B63-4890-9B1E-2FFF5B2AF4D2}.Release|Any CPU.Build.0 = Release|Any CPU
		{297E23BB-FC10-4EEB-96B9-E4B13A11CA6B}.Debug|Any CPU.ActiveCfg = Debug|Any CPU
		{297E23BB-FC10-4EEB-96B9-E4B13A11CA6B}.Debug|Any CPU.Build.0 = Debug|Any CPU
		{297E23BB-FC10-4EEB-96B9-E4B13A11CA6B}.Release|Any CPU.ActiveCfg = Release|Any CPU
		{297E23BB-FC10-4EEB-96B9-E4B13A11CA6B}.Release|Any CPU.Build.0 = Release|Any CPU
		{6ADDDFAF-4DE9-48A4-A6A0-F536D803013F}.Debug|Any CPU.ActiveCfg = Debug|Any CPU
		{6ADDDFAF-4DE9-48A4-A6A0-F536D803013F}.Debug|Any CPU.Build.0 = Debug|Any CPU
		{6ADDDFAF-4DE9-48A4-A6A0-F536D803013F}.Release|Any CPU.ActiveCfg = Release|Any CPU
		{6ADDDFAF-4DE9-48A4-A6A0-F536D803013F}.Release|Any CPU.Build.0 = Release|Any CPU
		{E0999C4D-F564-49C7-9197-0AD494BD0A7C}.Debug|Any CPU.ActiveCfg = Debug|Any CPU
		{E0999C4D-F564-49C7-9197-0AD494BD0A7C}.Debug|Any CPU.Build.0 = Debug|Any CPU
		{E0999C4D-F564-49C7-9197-0AD494BD0A7C}.Release|Any CPU.ActiveCfg = Release|Any CPU
		{E0999C4D-F564-49C7-9197-0AD494BD0A7C}.Release|Any CPU.Build.0 = Release|Any CPU
		{8DCCCCBC-2207-4D13-BE69-7548FFC96D11}.Debug|Any CPU.ActiveCfg = Debug|Any CPU
		{8DCCCCBC-2207-4D13-BE69-7548FFC96D11}.Debug|Any CPU.Build.0 = Debug|Any CPU
		{8DCCCCBC-2207-4D13-BE69-7548FFC96D11}.Release|Any CPU.ActiveCfg = Release|Any CPU
		{8DCCCCBC-2207-4D13-BE69-7548FFC96D11}.Release|Any CPU.Build.0 = Release|Any CPU
		{6195B720-6639-4568-AD91-BCF00338E1F6}.Debug|Any CPU.ActiveCfg = Debug|Any CPU
		{6195B720-6639-4568-AD91-BCF00338E1F6}.Debug|Any CPU.Build.0 = Debug|Any CPU
		{6195B720-6639-4568-AD91-BCF00338E1F6}.Release|Any CPU.ActiveCfg = Release|Any CPU
		{6195B720-6639-4568-AD91-BCF00338E1F6}.Release|Any CPU.Build.0 = Release|Any CPU
		{F92A1458-F83B-4E79-BBB0-581F1AD8538E}.Debug|Any CPU.ActiveCfg = Debug|Any CPU
		{F92A1458-F83B-4E79-BBB0-581F1AD8538E}.Debug|Any CPU.Build.0 = Debug|Any CPU
		{F92A1458-F83B-4E79-BBB0-581F1AD8538E}.Release|Any CPU.ActiveCfg = Release|Any CPU
		{F92A1458-F83B-4E79-BBB0-581F1AD8538E}.Release|Any CPU.Build.0 = Release|Any CPU
		{A9D73515-446F-4446-9FAF-CAB7FD5D17B5}.Debug|Any CPU.ActiveCfg = Debug|Any CPU
		{A9D73515-446F-4446-9FAF-CAB7FD5D17B5}.Debug|Any CPU.Build.0 = Debug|Any CPU
		{A9D73515-446F-4446-9FAF-CAB7FD5D17B5}.Release|Any CPU.ActiveCfg = Release|Any CPU
		{A9D73515-446F-4446-9FAF-CAB7FD5D17B5}.Release|Any CPU.Build.0 = Release|Any CPU
		{1ACB6A55-60CA-4AEB-9F8C-BCAB87B9178A}.Debug|Any CPU.ActiveCfg = Debug|Any CPU
		{1ACB6A55-60CA-4AEB-9F8C-BCAB87B9178A}.Debug|Any CPU.Build.0 = Debug|Any CPU
		{1ACB6A55-60CA-4AEB-9F8C-BCAB87B9178A}.Release|Any CPU.ActiveCfg = Release|Any CPU
		{1ACB6A55-60CA-4AEB-9F8C-BCAB87B9178A}.Release|Any CPU.Build.0 = Release|Any CPU
		{440BB027-F3EC-4C50-A2C1-3CC348B99339}.Debug|Any CPU.ActiveCfg = Debug|Any CPU
		{440BB027-F3EC-4C50-A2C1-3CC348B99339}.Debug|Any CPU.Build.0 = Debug|Any CPU
		{440BB027-F3EC-4C50-A2C1-3CC348B99339}.Release|Any CPU.ActiveCfg = Release|Any CPU
		{440BB027-F3EC-4C50-A2C1-3CC348B99339}.Release|Any CPU.Build.0 = Release|Any CPU
		{0A317FAB-872C-4AA9-9BAC-F3B1A9879A42}.Debug|Any CPU.ActiveCfg = Debug|Any CPU
		{0A317FAB-872C-4AA9-9BAC-F3B1A9879A42}.Debug|Any CPU.Build.0 = Debug|Any CPU
		{0A317FAB-872C-4AA9-9BAC-F3B1A9879A42}.Release|Any CPU.ActiveCfg = Release|Any CPU
		{0A317FAB-872C-4AA9-9BAC-F3B1A9879A42}.Release|Any CPU.Build.0 = Release|Any CPU
		{3DF49C63-B79F-4876-8D14-7489EEDE73DE}.Debug|Any CPU.ActiveCfg = Debug|Any CPU
		{3DF49C63-B79F-4876-8D14-7489EEDE73DE}.Debug|Any CPU.Build.0 = Debug|Any CPU
		{3DF49C63-B79F-4876-8D14-7489EEDE73DE}.Release|Any CPU.ActiveCfg = Release|Any CPU
		{3DF49C63-B79F-4876-8D14-7489EEDE73DE}.Release|Any CPU.Build.0 = Release|Any CPU
		{C29D14BD-1DDF-43C6-94B7-E85C2A3D0744}.Debug|Any CPU.ActiveCfg = Debug|Any CPU
		{C29D14BD-1DDF-43C6-94B7-E85C2A3D0744}.Debug|Any CPU.Build.0 = Debug|Any CPU
		{C29D14BD-1DDF-43C6-94B7-E85C2A3D0744}.Release|Any CPU.ActiveCfg = Release|Any CPU
		{C29D14BD-1DDF-43C6-94B7-E85C2A3D0744}.Release|Any CPU.Build.0 = Release|Any CPU
	EndGlobalSection
	GlobalSection(SolutionProperties) = preSolution
		HideSolutionNode = FALSE
	EndGlobalSection
	GlobalSection(NestedProjects) = preSolution
		{3719595C-C385-498A-A011-5E8D346723DB} = {0214B63C-3A11-46AF-805F-6AE3E2668245}
		{59125F2E-13F0-4114-A9C7-67963EA6A32D} = {0214B63C-3A11-46AF-805F-6AE3E2668245}
		{04FBCF76-4375-4948-B038-E81A506FAA2E} = {0214B63C-3A11-46AF-805F-6AE3E2668245}
		{D0BF1C94-471D-43C2-8DD0-BCA74E35AADE} = {0214B63C-3A11-46AF-805F-6AE3E2668245}
		{AEC8FD4F-1A18-406E-B693-BAE64AC29574} = {0214B63C-3A11-46AF-805F-6AE3E2668245}
		{3D9AAA6D-0B63-4890-9B1E-2FFF5B2AF4D2} = {04FBCF76-4375-4948-B038-E81A506FAA2E}
		{297E23BB-FC10-4EEB-96B9-E4B13A11CA6B} = {59125F2E-13F0-4114-A9C7-67963EA6A32D}
		{6ADDDFAF-4DE9-48A4-A6A0-F536D803013F} = {3719595C-C385-498A-A011-5E8D346723DB}
		{E0999C4D-F564-49C7-9197-0AD494BD0A7C} = {D0BF1C94-471D-43C2-8DD0-BCA74E35AADE}
		{8DCCCCBC-2207-4D13-BE69-7548FFC96D11} = {AEC8FD4F-1A18-406E-B693-BAE64AC29574}
		{6195B720-6639-4568-AD91-BCF00338E1F6} = {AEC8FD4F-1A18-406E-B693-BAE64AC29574}
		{F92A1458-F83B-4E79-BBB0-581F1AD8538E} = {D0BF1C94-471D-43C2-8DD0-BCA74E35AADE}
		{A9D73515-446F-4446-9FAF-CAB7FD5D17B5} = {3719595C-C385-498A-A011-5E8D346723DB}
		{1ACB6A55-60CA-4AEB-9F8C-BCAB87B9178A} = {30F87F60-736D-4DF3-AB52-16509946F367}
		{440BB027-F3EC-4C50-A2C1-3CC348B99339} = {30F87F60-736D-4DF3-AB52-16509946F367}
		{0A317FAB-872C-4AA9-9BAC-F3B1A9879A42} = {30F87F60-736D-4DF3-AB52-16509946F367}
		{3DF49C63-B79F-4876-8D14-7489EEDE73DE} = {30F87F60-736D-4DF3-AB52-16509946F367}
		{63694B60-F690-4A81-A4B9-D38BCF414D79} = {0214B63C-3A11-46AF-805F-6AE3E2668245}
		{C29D14BD-1DDF-43C6-94B7-E85C2A3D0744} = {63694B60-F690-4A81-A4B9-D38BCF414D79}
	EndGlobalSection
	GlobalSection(ExtensibilityGlobals) = postSolution
		SolutionGuid = {C294E2AF-3936-4919-9B15-80A0C7CA7B20}
	EndGlobalSection
EndGlobal
